
Microsoft Visual Studio Solution File, Format Version 12.00
Project("{FAE04EC0-301F-11D3-BF4B-00C04F79EFBC}") = "kyniusBETAPI", "kyniusBETAPI.csproj", "{161F909B-BD4A-419D-995A-D6B1CD70FE1F}"
EndProject
Global
	GlobalSection(SolutionConfigurationPlatforms) = preSolution
		Debug|Any CPU = Debug|Any CPU
		Release|Any CPU = Release|Any CPU
	EndGlobalSection
	GlobalSection(ProjectConfigurationPlatforms) = postSolution
		{161F909B-BD4A-419D-995A-D6B1CD70FE1F}.Debug|Any CPU.ActiveCfg = Debug|Any CPU
		{161F909B-BD4A-419D-995A-D6B1CD70FE1F}.Debug|Any CPU.Build.0 = Debug|Any CPU
		{161F909B-BD4A-419D-995A-D6B1CD70FE1F}.Release|Any CPU.ActiveCfg = Release|Any CPU
		{161F909B-BD4A-419D-995A-D6B1CD70FE1F}.Release|Any CPU.Build.0 = Release|Any CPU
	EndGlobalSection
EndGlobal
